
Microsoft Visual Studio Solution File, Format Version 12.00
# Visual Studio Version 17
VisualStudioVersion = 17.8.34511.84
MinimumVisualStudioVersion = 10.0.40219.1
Project("{9A19103F-16F7-4668-BE54-9A1E7A4F7556}") = "Calculus.Api", "Calculus.Api\Calculus.Api.csproj", "{AA2BC9F3-CBD7-4024-8CF9-D3C04F4EEA2D}"
EndProject
Project("{2150E333-8FDC-42A3-9474-1A3956D46DE8}") = "Tests", "Tests", "{F1B54E29-1CD8-43D0-9D45-F5F2CA5F55BF}"
EndProject
Project("{FAE04EC0-301F-11D3-BF4B-00C04F79EFBC}") = "Calculus.Api.Tests.Unit", "Calculus.Api.Tests.Unit\Calculus.Api.Tests.Unit.csproj", "{AB924B38-D05D-42E3-8189-8FAF3EFBFB69}"
EndProject
Global
	GlobalSection(SolutionConfigurationPlatforms) = preSolution
		Debug|Any CPU = Debug|Any CPU
		Release|Any CPU = Release|Any CPU
	EndGlobalSection
	GlobalSection(ProjectConfigurationPlatforms) = postSolution
		{AA2BC9F3-CBD7-4024-8CF9-D3C04F4EEA2D}.Debug|Any CPU.ActiveCfg = Debug|Any CPU
		{AA2BC9F3-CBD7-4024-8CF9-D3C04F4EEA2D}.Debug|Any CPU.Build.0 = Debug|Any CPU
		{AA2BC9F3-CBD7-4024-8CF9-D3C04F4EEA2D}.Release|Any CPU.ActiveCfg = Release|Any CPU
		{AA2BC9F3-CBD7-4024-8CF9-D3C04F4EEA2D}.Release|Any CPU.Build.0 = Release|Any CPU
		{AB924B38-D05D-42E3-8189-8FAF3EFBFB69}.Debug|Any CPU.ActiveCfg = Debug|Any CPU
		{AB924B38-D05D-42E3-8189-8FAF3EFBFB69}.Debug|Any CPU.Build.0 = Debug|Any CPU
		{AB924B38-D05D-42E3-8189-8FAF3EFBFB69}.Release|Any CPU.ActiveCfg = Release|Any CPU
		{AB924B38-D05D-42E3-8189-8FAF3EFBFB69}.Release|Any CPU.Build.0 = Release|Any CPU
	EndGlobalSection
	GlobalSection(SolutionProperties) = preSolution
		HideSolutionNode = FALSE
	EndGlobalSection
	GlobalSection(NestedProjects) = preSolution
		{AB924B38-D05D-42E3-8189-8FAF3EFBFB69} = {F1B54E29-1CD8-43D0-9D45-F5F2CA5F55BF}
	EndGlobalSection
	GlobalSection(ExtensibilityGlobals) = postSolution
		SolutionGuid = {15028916-5B17-44CE-89D5-BC23E9DB4E8C}
	EndGlobalSection
EndGlobal
